
Microsoft Visual Studio Solution File, Format Version 12.00
# Visual Studio 15
VisualStudioVersion = 15.0.27428.2002
MinimumVisualStudioVersion = 10.0.40219.1
Project("{FAE04EC0-301F-11D3-BF4B-00C04F79EFBC}") = "HdHomeRunEpgXml", "HdHomeRunEpgXml.csproj", "{265BB80E-5612-4A25-9C4F-5B804FF027A8}"
EndProject
Global
	GlobalSection(SolutionConfigurationPlatforms) = preSolution
		Debug|Any CPU = Debug|Any CPU
		Release|Any CPU = Release|Any CPU
	EndGlobalSection
	GlobalSection(ProjectConfigurationPlatforms) = postSolution
		{265BB80E-5612-4A25-9C4F-5B804FF027A8}.Debug|Any CPU.ActiveCfg = Debug|Any CPU
		{265BB80E-5612-4A25-9C4F-5B804FF027A8}.Debug|Any CPU.Build.0 = Debug|Any CPU
		{265BB80E-5612-4A25-9C4F-5B804FF027A8}.Release|Any CPU.ActiveCfg = Release|Any CPU
		{265BB80E-5612-4A25-9C4F-5B804FF027A8}.Release|Any CPU.Build.0 = Release|Any CPU
	EndGlobalSection
	GlobalSection(SolutionProperties) = preSolution
		HideSolutionNode = FALSE
	EndGlobalSection
	GlobalSection(ExtensibilityGlobals) = postSolution
		SolutionGuid = {04DB4029-1B4B-4C61-BA47-FC8F03397B91}
	EndGlobalSection
EndGlobal
